// !$*UTF8*$!
{
	archiveVersion = 1;
	classes = {
	};
	objectVersion = 46;
	objects = {

/* Begin PBXBuildFile section */
		791D9CC81D4F33C900C9D7C2 /* AppDelegate.swift in Sources */ = {isa = PBXBuildFile; fileRef = 791D9CC71D4F33C900C9D7C2 /* AppDelegate.swift */; };
		791D9CCA1D4F33C900C9D7C2 /* ViewController.swift in Sources */ = {isa = PBXBuildFile; fileRef = 791D9CC91D4F33C900C9D7C2 /* ViewController.swift */; };
		791D9CCD1D4F33C900C9D7C2 /* Main.storyboard in Resources */ = {isa = PBXBuildFile; fileRef = 791D9CCB1D4F33C900C9D7C2 /* Main.storyboard */; };
		791D9CCF1D4F33C900C9D7C2 /* Assets.xcassets in Resources */ = {isa = PBXBuildFile; fileRef = 791D9CCE1D4F33C900C9D7C2 /* Assets.xcassets */; };
		791D9CD21D4F33C900C9D7C2 /* LaunchScreen.storyboard in Resources */ = {isa = PBXBuildFile; fileRef = 791D9CD01D4F33C900C9D7C2 /* LaunchScreen.storyboard */; };
		791D9CEB1D4F342700C9D7C2 /* Data+Extension.swift in Sources */ = {isa = PBXBuildFile; fileRef = 791D9CDB1D4F342600C9D7C2 /* Data+Extension.swift */; };
		791D9CEC1D4F342700C9D7C2 /* Date+Extension.swift in Sources */ = {isa = PBXBuildFile; fileRef = 791D9CDC1D4F342600C9D7C2 /* Date+Extension.swift */; };
		791D9CED1D4F342700C9D7C2 /* Locale+Extension.swift in Sources */ = {isa = PBXBuildFile; fileRef = 791D9CDD1D4F342600C9D7C2 /* Locale+Extension.swift */; };
		791D9CEF1D4F342700C9D7C2 /* NSNumber+Extension.swift in Sources */ = {isa = PBXBuildFile; fileRef = 791D9CDF1D4F342600C9D7C2 /* NSNumber+Extension.swift */; };
		791D9CF01D4F342700C9D7C2 /* NSObject+Extension.swift in Sources */ = {isa = PBXBuildFile; fileRef = 791D9CE01D4F342600C9D7C2 /* NSObject+Extension.swift */; };
		791D9CF11D4F342700C9D7C2 /* Array+Extension.swift in Sources */ = {isa = PBXBuildFile; fileRef = 791D9CE21D4F342600C9D7C2 /* Array+Extension.swift */; };
		791D9CF31D4F342700C9D7C2 /* Number+Extension.swift in Sources */ = {isa = PBXBuildFile; fileRef = 791D9CE41D4F342700C9D7C2 /* Number+Extension.swift */; };
		791D9CF41D4F342700C9D7C2 /* String+Extension.swift in Sources */ = {isa = PBXBuildFile; fileRef = 791D9CE51D4F342700C9D7C2 /* String+Extension.swift */; };
		791D9CF61D4F342700C9D7C2 /* Functions.swift in Sources */ = {isa = PBXBuildFile; fileRef = 791D9CE71D4F342700C9D7C2 /* Functions.swift */; };
		791D9CF71D4F342700C9D7C2 /* UIColor+Extension.swift in Sources */ = {isa = PBXBuildFile; fileRef = 791D9CE91D4F342700C9D7C2 /* UIColor+Extension.swift */; };
		791D9CF81D4F342700C9D7C2 /* UIImage+Extension.swift in Sources */ = {isa = PBXBuildFile; fileRef = 791D9CEA1D4F342700C9D7C2 /* UIImage+Extension.swift */; };
		791D9CFA1D4F390200C9D7C2 /* CGSize+Extension.swift in Sources */ = {isa = PBXBuildFile; fileRef = 791D9CF91D4F390200C9D7C2 /* CGSize+Extension.swift */; };
		79312DBE1E62DC4100E73D97 /* AppDelegate.swift in Sources */ = {isa = PBXBuildFile; fileRef = 79312DBD1E62DC4100E73D97 /* AppDelegate.swift */; };
		79312DC01E62DC4100E73D97 /* Assets.xcassets in Resources */ = {isa = PBXBuildFile; fileRef = 79312DBF1E62DC4100E73D97 /* Assets.xcassets */; };
		79312DC31E62DC4100E73D97 /* MainMenu.xib in Resources */ = {isa = PBXBuildFile; fileRef = 79312DC11E62DC4100E73D97 /* MainMenu.xib */; };
		79312DC81E62DC5F00E73D97 /* Data+Extension.swift in Sources */ = {isa = PBXBuildFile; fileRef = 791D9CDB1D4F342600C9D7C2 /* Data+Extension.swift */; };
		79312DC91E62DC5F00E73D97 /* Date+Extension.swift in Sources */ = {isa = PBXBuildFile; fileRef = 791D9CDC1D4F342600C9D7C2 /* Date+Extension.swift */; };
		79312DCA1E62DC5F00E73D97 /* Locale+Extension.swift in Sources */ = {isa = PBXBuildFile; fileRef = 791D9CDD1D4F342600C9D7C2 /* Locale+Extension.swift */; };
		79312DCC1E62DC5F00E73D97 /* NSNumber+Extension.swift in Sources */ = {isa = PBXBuildFile; fileRef = 791D9CDF1D4F342600C9D7C2 /* NSNumber+Extension.swift */; };
		79312DCD1E62DC5F00E73D97 /* NSObject+Extension.swift in Sources */ = {isa = PBXBuildFile; fileRef = 791D9CE01D4F342600C9D7C2 /* NSObject+Extension.swift */; };
		79312DCE1E62DC5F00E73D97 /* CGSize+Extension.swift in Sources */ = {isa = PBXBuildFile; fileRef = 791D9CF91D4F390200C9D7C2 /* CGSize+Extension.swift */; };
		79312DCF1E62DC5F00E73D97 /* Array+Extension.swift in Sources */ = {isa = PBXBuildFile; fileRef = 791D9CE21D4F342600C9D7C2 /* Array+Extension.swift */; };
		79312DD01E62DC5F00E73D97 /* Number+Extension.swift in Sources */ = {isa = PBXBuildFile; fileRef = 791D9CE41D4F342700C9D7C2 /* Number+Extension.swift */; };
		79312DD11E62DC5F00E73D97 /* String+Extension.swift in Sources */ = {isa = PBXBuildFile; fileRef = 791D9CE51D4F342700C9D7C2 /* String+Extension.swift */; };
		79312DD21E62DC5F00E73D97 /* Functions.swift in Sources */ = {isa = PBXBuildFile; fileRef = 791D9CE71D4F342700C9D7C2 /* Functions.swift */; };
		79312DD31E62DC5F00E73D97 /* Range+Extension.swift in Sources */ = {isa = PBXBuildFile; fileRef = 79396DE21D673DDF00690CFC /* Range+Extension.swift */; };
		79312DD41E62DCDA00E73D97 /* UIColor+Extension.swift in Sources */ = {isa = PBXBuildFile; fileRef = 791D9CE91D4F342700C9D7C2 /* UIColor+Extension.swift */; };
		79312DD51E62DCDA00E73D97 /* UIImage+Extension.swift in Sources */ = {isa = PBXBuildFile; fileRef = 791D9CEA1D4F342700C9D7C2 /* UIImage+Extension.swift */; };
		79312DD61E62DCDA00E73D97 /* UIViewController+Extension.swift in Sources */ = {isa = PBXBuildFile; fileRef = 79396DE01D673A0500690CFC /* UIViewController+Extension.swift */; };
		79312DD71E62DCDA00E73D97 /* UIWindow+Extension.swift in Sources */ = {isa = PBXBuildFile; fileRef = 79F5155C1D867AF90079C42E /* UIWindow+Extension.swift */; };
		79312DD81E62DCDA00E73D97 /* UINavigationItem+Extension.swift in Sources */ = {isa = PBXBuildFile; fileRef = 79C9D4A51DDB97EC00F69268 /* UINavigationItem+Extension.swift */; };
		79312DD91E62DCDA00E73D97 /* UIView+Extensions.swift in Sources */ = {isa = PBXBuildFile; fileRef = 79C9D4A71DDB981200F69268 /* UIView+Extensions.swift */; };
		79312DDA1E62DCDA00E73D97 /* UIActivityIndicator+Extensions.swift in Sources */ = {isa = PBXBuildFile; fileRef = 79C9D4A91DDB984800F69268 /* UIActivityIndicator+Extensions.swift */; };
		79396DE11D673A0500690CFC /* UIViewController+Extension.swift in Sources */ = {isa = PBXBuildFile; fileRef = 79396DE01D673A0500690CFC /* UIViewController+Extension.swift */; };
		79396DE31D673DDF00690CFC /* Range+Extension.swift in Sources */ = {isa = PBXBuildFile; fileRef = 79396DE21D673DDF00690CFC /* Range+Extension.swift */; };
		793E13A52049671100AAA5CA /* AppDelegate.swift in Sources */ = {isa = PBXBuildFile; fileRef = 793E13A42049671100AAA5CA /* AppDelegate.swift */; };
		793E13A72049671100AAA5CA /* ViewController.swift in Sources */ = {isa = PBXBuildFile; fileRef = 793E13A62049671100AAA5CA /* ViewController.swift */; };
		793E13AA2049671100AAA5CA /* Main.storyboard in Resources */ = {isa = PBXBuildFile; fileRef = 793E13A82049671100AAA5CA /* Main.storyboard */; };
		793E13AC2049671100AAA5CA /* Assets.xcassets in Resources */ = {isa = PBXBuildFile; fileRef = 793E13AB2049671100AAA5CA /* Assets.xcassets */; };
		793E13B12049671B00AAA5CA /* UIColor+Extension.swift in Sources */ = {isa = PBXBuildFile; fileRef = 791D9CE91D4F342700C9D7C2 /* UIColor+Extension.swift */; };
		793E13B22049671B00AAA5CA /* UIImage+Extension.swift in Sources */ = {isa = PBXBuildFile; fileRef = 791D9CEA1D4F342700C9D7C2 /* UIImage+Extension.swift */; };
		793E13B32049671B00AAA5CA /* UIViewController+Extension.swift in Sources */ = {isa = PBXBuildFile; fileRef = 79396DE01D673A0500690CFC /* UIViewController+Extension.swift */; };
		793E13B42049671B00AAA5CA /* UIWindow+Extension.swift in Sources */ = {isa = PBXBuildFile; fileRef = 79F5155C1D867AF90079C42E /* UIWindow+Extension.swift */; };
		793E13B52049671B00AAA5CA /* UINavigationItem+Extension.swift in Sources */ = {isa = PBXBuildFile; fileRef = 79C9D4A51DDB97EC00F69268 /* UINavigationItem+Extension.swift */; };
		793E13B62049671B00AAA5CA /* UIView+Extensions.swift in Sources */ = {isa = PBXBuildFile; fileRef = 79C9D4A71DDB981200F69268 /* UIView+Extensions.swift */; };
		793E13B72049671B00AAA5CA /* UIActivityIndicator+Extensions.swift in Sources */ = {isa = PBXBuildFile; fileRef = 79C9D4A91DDB984800F69268 /* UIActivityIndicator+Extensions.swift */; };
		793E13B82049671B00AAA5CA /* UIAlertController+Extension.swift in Sources */ = {isa = PBXBuildFile; fileRef = 79B15B6C1EF7C37900C68CCB /* UIAlertController+Extension.swift */; };
		793E13B92049671F00AAA5CA /* Array+Extension.swift in Sources */ = {isa = PBXBuildFile; fileRef = 791D9CE21D4F342600C9D7C2 /* Array+Extension.swift */; };
		793E13BA2049671F00AAA5CA /* Number+Extension.swift in Sources */ = {isa = PBXBuildFile; fileRef = 791D9CE41D4F342700C9D7C2 /* Number+Extension.swift */; };
		793E13BB2049671F00AAA5CA /* String+Extension.swift in Sources */ = {isa = PBXBuildFile; fileRef = 791D9CE51D4F342700C9D7C2 /* String+Extension.swift */; };
		793E13BC2049671F00AAA5CA /* Functions.swift in Sources */ = {isa = PBXBuildFile; fileRef = 791D9CE71D4F342700C9D7C2 /* Functions.swift */; };
		793E13BD2049671F00AAA5CA /* Range+Extension.swift in Sources */ = {isa = PBXBuildFile; fileRef = 79396DE21D673DDF00690CFC /* Range+Extension.swift */; };
		793E13BE2049672200AAA5CA /* Data+Extension.swift in Sources */ = {isa = PBXBuildFile; fileRef = 791D9CDB1D4F342600C9D7C2 /* Data+Extension.swift */; };
		793E13BF2049672200AAA5CA /* Date+Extension.swift in Sources */ = {isa = PBXBuildFile; fileRef = 791D9CDC1D4F342600C9D7C2 /* Date+Extension.swift */; };
		793E13C02049672200AAA5CA /* Locale+Extension.swift in Sources */ = {isa = PBXBuildFile; fileRef = 791D9CDD1D4F342600C9D7C2 /* Locale+Extension.swift */; };
		793E13C12049672200AAA5CA /* NSNumber+Extension.swift in Sources */ = {isa = PBXBuildFile; fileRef = 791D9CDF1D4F342600C9D7C2 /* NSNumber+Extension.swift */; };
		793E13C22049672200AAA5CA /* NSObject+Extension.swift in Sources */ = {isa = PBXBuildFile; fileRef = 791D9CE01D4F342600C9D7C2 /* NSObject+Extension.swift */; };
		793E13C32049672200AAA5CA /* CGSize+Extension.swift in Sources */ = {isa = PBXBuildFile; fileRef = 791D9CF91D4F390200C9D7C2 /* CGSize+Extension.swift */; };
		79B15B6D1EF7C37900C68CCB /* UIAlertController+Extension.swift in Sources */ = {isa = PBXBuildFile; fileRef = 79B15B6C1EF7C37900C68CCB /* UIAlertController+Extension.swift */; };
		79C9D4A61DDB97EC00F69268 /* UINavigationItem+Extension.swift in Sources */ = {isa = PBXBuildFile; fileRef = 79C9D4A51DDB97EC00F69268 /* UINavigationItem+Extension.swift */; };
		79C9D4A81DDB981200F69268 /* UIView+Extensions.swift in Sources */ = {isa = PBXBuildFile; fileRef = 79C9D4A71DDB981200F69268 /* UIView+Extensions.swift */; };
		79C9D4AA1DDB984800F69268 /* UIActivityIndicator+Extensions.swift in Sources */ = {isa = PBXBuildFile; fileRef = 79C9D4A91DDB984800F69268 /* UIActivityIndicator+Extensions.swift */; };
		79F5155D1D867AF90079C42E /* UIWindow+Extension.swift in Sources */ = {isa = PBXBuildFile; fileRef = 79F5155C1D867AF90079C42E /* UIWindow+Extension.swift */; };
/* End PBXBuildFile section */

/* Begin PBXFileReference section */
		790980B21D9B9B50003E3D3D /* Swiftex.podspec */ = {isa = PBXFileReference; lastKnownFileType = text; name = Swiftex.podspec; path = ../../Swiftex.podspec; sourceTree = "<group>"; };
		791D9CC41D4F33C900C9D7C2 /* Swiftex.app */ = {isa = PBXFileReference; explicitFileType = wrapper.application; includeInIndex = 0; path = Swiftex.app; sourceTree = BUILT_PRODUCTS_DIR; };
		791D9CC71D4F33C900C9D7C2 /* AppDelegate.swift */ = {isa = PBXFileReference; lastKnownFileType = sourcecode.swift; path = AppDelegate.swift; sourceTree = "<group>"; };
		791D9CC91D4F33C900C9D7C2 /* ViewController.swift */ = {isa = PBXFileReference; lastKnownFileType = sourcecode.swift; path = ViewController.swift; sourceTree = "<group>"; };
		791D9CCC1D4F33C900C9D7C2 /* Base */ = {isa = PBXFileReference; lastKnownFileType = file.storyboard; name = Base; path = Base.lproj/Main.storyboard; sourceTree = "<group>"; };
		791D9CCE1D4F33C900C9D7C2 /* Assets.xcassets */ = {isa = PBXFileReference; lastKnownFileType = folder.assetcatalog; path = Assets.xcassets; sourceTree = "<group>"; };
		791D9CD11D4F33C900C9D7C2 /* Base */ = {isa = PBXFileReference; lastKnownFileType = file.storyboard; name = Base; path = Base.lproj/LaunchScreen.storyboard; sourceTree = "<group>"; };
		791D9CD31D4F33C900C9D7C2 /* Info.plist */ = {isa = PBXFileReference; lastKnownFileType = text.plist.xml; path = Info.plist; sourceTree = "<group>"; };
		791D9CDB1D4F342600C9D7C2 /* Data+Extension.swift */ = {isa = PBXFileReference; fileEncoding = 4; lastKnownFileType = sourcecode.swift; path = "Data+Extension.swift"; sourceTree = "<group>"; };
		791D9CDC1D4F342600C9D7C2 /* Date+Extension.swift */ = {isa = PBXFileReference; fileEncoding = 4; lastKnownFileType = sourcecode.swift; path = "Date+Extension.swift"; sourceTree = "<group>"; };
		791D9CDD1D4F342600C9D7C2 /* Locale+Extension.swift */ = {isa = PBXFileReference; fileEncoding = 4; lastKnownFileType = sourcecode.swift; path = "Locale+Extension.swift"; sourceTree = "<group>"; };
		791D9CDF1D4F342600C9D7C2 /* NSNumber+Extension.swift */ = {isa = PBXFileReference; fileEncoding = 4; lastKnownFileType = sourcecode.swift; path = "NSNumber+Extension.swift"; sourceTree = "<group>"; };
		791D9CE01D4F342600C9D7C2 /* NSObject+Extension.swift */ = {isa = PBXFileReference; fileEncoding = 4; lastKnownFileType = sourcecode.swift; path = "NSObject+Extension.swift"; sourceTree = "<group>"; };
		791D9CE21D4F342600C9D7C2 /* Array+Extension.swift */ = {isa = PBXFileReference; fileEncoding = 4; lastKnownFileType = sourcecode.swift; path = "Array+Extension.swift"; sourceTree = "<group>"; };
		791D9CE41D4F342700C9D7C2 /* Number+Extension.swift */ = {isa = PBXFileReference; fileEncoding = 4; lastKnownFileType = sourcecode.swift; path = "Number+Extension.swift"; sourceTree = "<group>"; };
		791D9CE51D4F342700C9D7C2 /* String+Extension.swift */ = {isa = PBXFileReference; fileEncoding = 4; lastKnownFileType = sourcecode.swift; path = "String+Extension.swift"; sourceTree = "<group>"; };
		791D9CE71D4F342700C9D7C2 /* Functions.swift */ = {isa = PBXFileReference; fileEncoding = 4; lastKnownFileType = sourcecode.swift; path = Functions.swift; sourceTree = "<group>"; };
		791D9CE91D4F342700C9D7C2 /* UIColor+Extension.swift */ = {isa = PBXFileReference; fileEncoding = 4; lastKnownFileType = sourcecode.swift; path = "UIColor+Extension.swift"; sourceTree = "<group>"; };
		791D9CEA1D4F342700C9D7C2 /* UIImage+Extension.swift */ = {isa = PBXFileReference; fileEncoding = 4; lastKnownFileType = sourcecode.swift; path = "UIImage+Extension.swift"; sourceTree = "<group>"; };
		791D9CF91D4F390200C9D7C2 /* CGSize+Extension.swift */ = {isa = PBXFileReference; fileEncoding = 4; lastKnownFileType = sourcecode.swift; path = "CGSize+Extension.swift"; sourceTree = "<group>"; };
		79312DBB1E62DC4100E73D97 /* SwiftexOSX.app */ = {isa = PBXFileReference; explicitFileType = wrapper.application; includeInIndex = 0; path = SwiftexOSX.app; sourceTree = BUILT_PRODUCTS_DIR; };
		79312DBD1E62DC4100E73D97 /* AppDelegate.swift */ = {isa = PBXFileReference; lastKnownFileType = sourcecode.swift; path = AppDelegate.swift; sourceTree = "<group>"; };
		79312DBF1E62DC4100E73D97 /* Assets.xcassets */ = {isa = PBXFileReference; lastKnownFileType = folder.assetcatalog; path = Assets.xcassets; sourceTree = "<group>"; };
		79312DC21E62DC4100E73D97 /* Base */ = {isa = PBXFileReference; lastKnownFileType = file.xib; name = Base; path = Base.lproj/MainMenu.xib; sourceTree = "<group>"; };
		79312DC41E62DC4100E73D97 /* Info.plist */ = {isa = PBXFileReference; lastKnownFileType = text.plist.xml; path = Info.plist; sourceTree = "<group>"; };
		79396DE01D673A0500690CFC /* UIViewController+Extension.swift */ = {isa = PBXFileReference; fileEncoding = 4; lastKnownFileType = sourcecode.swift; path = "UIViewController+Extension.swift"; sourceTree = "<group>"; };
		79396DE21D673DDF00690CFC /* Range+Extension.swift */ = {isa = PBXFileReference; fileEncoding = 4; lastKnownFileType = sourcecode.swift; path = "Range+Extension.swift"; sourceTree = "<group>"; };
		793E13A22049671100AAA5CA /* SwiftexTV.app */ = {isa = PBXFileReference; explicitFileType = wrapper.application; includeInIndex = 0; path = SwiftexTV.app; sourceTree = BUILT_PRODUCTS_DIR; };
		793E13A42049671100AAA5CA /* AppDelegate.swift */ = {isa = PBXFileReference; lastKnownFileType = sourcecode.swift; path = AppDelegate.swift; sourceTree = "<group>"; };
		793E13A62049671100AAA5CA /* ViewController.swift */ = {isa = PBXFileReference; lastKnownFileType = sourcecode.swift; path = ViewController.swift; sourceTree = "<group>"; };
		793E13A92049671100AAA5CA /* Base */ = {isa = PBXFileReference; lastKnownFileType = file.storyboard; name = Base; path = Base.lproj/Main.storyboard; sourceTree = "<group>"; };
		793E13AB2049671100AAA5CA /* Assets.xcassets */ = {isa = PBXFileReference; lastKnownFileType = folder.assetcatalog; path = Assets.xcassets; sourceTree = "<group>"; };
		793E13AD2049671100AAA5CA /* Info.plist */ = {isa = PBXFileReference; lastKnownFileType = text.plist.xml; path = Info.plist; sourceTree = "<group>"; };
		79B15B6C1EF7C37900C68CCB /* UIAlertController+Extension.swift */ = {isa = PBXFileReference; fileEncoding = 4; lastKnownFileType = sourcecode.swift; path = "UIAlertController+Extension.swift"; sourceTree = "<group>"; };
		79C9D4A51DDB97EC00F69268 /* UINavigationItem+Extension.swift */ = {isa = PBXFileReference; fileEncoding = 4; lastKnownFileType = sourcecode.swift; path = "UINavigationItem+Extension.swift"; sourceTree = "<group>"; };
		79C9D4A71DDB981200F69268 /* UIView+Extensions.swift */ = {isa = PBXFileReference; fileEncoding = 4; lastKnownFileType = sourcecode.swift; path = "UIView+Extensions.swift"; sourceTree = "<group>"; };
		79C9D4A91DDB984800F69268 /* UIActivityIndicator+Extensions.swift */ = {isa = PBXFileReference; fileEncoding = 4; lastKnownFileType = sourcecode.swift; path = "UIActivityIndicator+Extensions.swift"; sourceTree = "<group>"; };
		79F5155C1D867AF90079C42E /* UIWindow+Extension.swift */ = {isa = PBXFileReference; fileEncoding = 4; lastKnownFileType = sourcecode.swift; path = "UIWindow+Extension.swift"; sourceTree = "<group>"; };
/* End PBXFileReference section */

/* Begin PBXFrameworksBuildPhase section */
		791D9CC11D4F33C900C9D7C2 /* Frameworks */ = {
			isa = PBXFrameworksBuildPhase;
			buildActionMask = 2147483647;
			files = (
			);
			runOnlyForDeploymentPostprocessing = 0;
		};
		79312DB81E62DC4100E73D97 /* Frameworks */ = {
			isa = PBXFrameworksBuildPhase;
			buildActionMask = 2147483647;
			files = (
			);
			runOnlyForDeploymentPostprocessing = 0;
		};
		793E139F2049671100AAA5CA /* Frameworks */ = {
			isa = PBXFrameworksBuildPhase;
			buildActionMask = 2147483647;
			files = (
			);
			runOnlyForDeploymentPostprocessing = 0;
		};
/* End PBXFrameworksBuildPhase section */

/* Begin PBXGroup section */
		791D9CBB1D4F33C900C9D7C2 = {
			isa = PBXGroup;
			children = (
				790980B21D9B9B50003E3D3D /* Swiftex.podspec */,
				791D9CC61D4F33C900C9D7C2 /* Swiftex */,
				791D9CD91D4F342600C9D7C2 /* Extensions */,
				79312DBC1E62DC4100E73D97 /* SwiftexOSX */,
				793E13A32049671100AAA5CA /* SwiftexTV */,
				791D9CC51D4F33C900C9D7C2 /* Products */,
			);
			sourceTree = "<group>";
		};
		791D9CC51D4F33C900C9D7C2 /* Products */ = {
			isa = PBXGroup;
			children = (
				791D9CC41D4F33C900C9D7C2 /* Swiftex.app */,
				79312DBB1E62DC4100E73D97 /* SwiftexOSX.app */,
				793E13A22049671100AAA5CA /* SwiftexTV.app */,
			);
			name = Products;
			sourceTree = "<group>";
		};
		791D9CC61D4F33C900C9D7C2 /* Swiftex */ = {
			isa = PBXGroup;
			children = (
				791D9CC71D4F33C900C9D7C2 /* AppDelegate.swift */,
				791D9CC91D4F33C900C9D7C2 /* ViewController.swift */,
				791D9CCB1D4F33C900C9D7C2 /* Main.storyboard */,
				791D9CCE1D4F33C900C9D7C2 /* Assets.xcassets */,
				791D9CD01D4F33C900C9D7C2 /* LaunchScreen.storyboard */,
				791D9CD31D4F33C900C9D7C2 /* Info.plist */,
			);
			path = Swiftex;
			sourceTree = "<group>";
		};
		791D9CD91D4F342600C9D7C2 /* Extensions */ = {
			isa = PBXGroup;
			children = (
				791D9CDA1D4F342600C9D7C2 /* Foundation */,
				791D9CE11D4F342600C9D7C2 /* Swift */,
				791D9CE81D4F342700C9D7C2 /* UIKit */,
			);
			name = Extensions;
			path = ../../Extensions;
			sourceTree = "<group>";
		};
		791D9CDA1D4F342600C9D7C2 /* Foundation */ = {
			isa = PBXGroup;
			children = (
				791D9CDB1D4F342600C9D7C2 /* Data+Extension.swift */,
				791D9CDC1D4F342600C9D7C2 /* Date+Extension.swift */,
				791D9CDD1D4F342600C9D7C2 /* Locale+Extension.swift */,
				791D9CDF1D4F342600C9D7C2 /* NSNumber+Extension.swift */,
				791D9CE01D4F342600C9D7C2 /* NSObject+Extension.swift */,
				791D9CF91D4F390200C9D7C2 /* CGSize+Extension.swift */,
			);
			path = Foundation;
			sourceTree = "<group>";
		};
		791D9CE11D4F342600C9D7C2 /* Swift */ = {
			isa = PBXGroup;
			children = (
				791D9CE21D4F342600C9D7C2 /* Array+Extension.swift */,
				791D9CE41D4F342700C9D7C2 /* Number+Extension.swift */,
				791D9CE51D4F342700C9D7C2 /* String+Extension.swift */,
				791D9CE71D4F342700C9D7C2 /* Functions.swift */,
				79396DE21D673DDF00690CFC /* Range+Extension.swift */,
			);
			path = Swift;
			sourceTree = "<group>";
		};
		791D9CE81D4F342700C9D7C2 /* UIKit */ = {
			isa = PBXGroup;
			children = (
				791D9CE91D4F342700C9D7C2 /* UIColor+Extension.swift */,
				791D9CEA1D4F342700C9D7C2 /* UIImage+Extension.swift */,
				79396DE01D673A0500690CFC /* UIViewController+Extension.swift */,
				79F5155C1D867AF90079C42E /* UIWindow+Extension.swift */,
				79C9D4A51DDB97EC00F69268 /* UINavigationItem+Extension.swift */,
				79C9D4A71DDB981200F69268 /* UIView+Extensions.swift */,
				79C9D4A91DDB984800F69268 /* UIActivityIndicator+Extensions.swift */,
				79B15B6C1EF7C37900C68CCB /* UIAlertController+Extension.swift */,
			);
			path = UIKit;
			sourceTree = "<group>";
		};
		79312DBC1E62DC4100E73D97 /* SwiftexOSX */ = {
			isa = PBXGroup;
			children = (
				79312DBD1E62DC4100E73D97 /* AppDelegate.swift */,
				79312DBF1E62DC4100E73D97 /* Assets.xcassets */,
				79312DC11E62DC4100E73D97 /* MainMenu.xib */,
				79312DC41E62DC4100E73D97 /* Info.plist */,
			);
			path = SwiftexOSX;
			sourceTree = "<group>";
		};
		793E13A32049671100AAA5CA /* SwiftexTV */ = {
			isa = PBXGroup;
			children = (
				793E13A42049671100AAA5CA /* AppDelegate.swift */,
				793E13A62049671100AAA5CA /* ViewController.swift */,
				793E13A82049671100AAA5CA /* Main.storyboard */,
				793E13AB2049671100AAA5CA /* Assets.xcassets */,
				793E13AD2049671100AAA5CA /* Info.plist */,
			);
			path = SwiftexTV;
			sourceTree = "<group>";
		};
/* End PBXGroup section */

/* Begin PBXNativeTarget section */
		791D9CC31D4F33C900C9D7C2 /* Swiftex */ = {
			isa = PBXNativeTarget;
			buildConfigurationList = 791D9CD61D4F33C900C9D7C2 /* Build configuration list for PBXNativeTarget "Swiftex" */;
			buildPhases = (
				791D9CC01D4F33C900C9D7C2 /* Sources */,
				791D9CC11D4F33C900C9D7C2 /* Frameworks */,
				791D9CC21D4F33C900C9D7C2 /* Resources */,
			);
			buildRules = (
			);
			dependencies = (
			);
			name = Swiftex;
			productName = Swiftex;
			productReference = 791D9CC41D4F33C900C9D7C2 /* Swiftex.app */;
			productType = "com.apple.product-type.application";
		};
		79312DBA1E62DC4100E73D97 /* SwiftexOSX */ = {
			isa = PBXNativeTarget;
			buildConfigurationList = 79312DC71E62DC4100E73D97 /* Build configuration list for PBXNativeTarget "SwiftexOSX" */;
			buildPhases = (
				79312DB71E62DC4100E73D97 /* Sources */,
				79312DB81E62DC4100E73D97 /* Frameworks */,
				79312DB91E62DC4100E73D97 /* Resources */,
			);
			buildRules = (
			);
			dependencies = (
			);
			name = SwiftexOSX;
			productName = SwiftexOSX;
			productReference = 79312DBB1E62DC4100E73D97 /* SwiftexOSX.app */;
			productType = "com.apple.product-type.application";
		};
		793E13A12049671100AAA5CA /* SwiftexTV */ = {
			isa = PBXNativeTarget;
			buildConfigurationList = 793E13B02049671100AAA5CA /* Build configuration list for PBXNativeTarget "SwiftexTV" */;
			buildPhases = (
				793E139E2049671100AAA5CA /* Sources */,
				793E139F2049671100AAA5CA /* Frameworks */,
				793E13A02049671100AAA5CA /* Resources */,
			);
			buildRules = (
			);
			dependencies = (
			);
			name = SwiftexTV;
			productName = SwiftexTV;
			productReference = 793E13A22049671100AAA5CA /* SwiftexTV.app */;
			productType = "com.apple.product-type.application";
		};
/* End PBXNativeTarget section */

/* Begin PBXProject section */
		791D9CBC1D4F33C900C9D7C2 /* Project object */ = {
			isa = PBXProject;
			attributes = {
				LastSwiftUpdateCheck = 0920;
				LastUpgradeCheck = 0900;
				ORGANIZATIONNAME = KuzmenkoFamily;
				TargetAttributes = {
					791D9CC31D4F33C900C9D7C2 = {
						CreatedOnToolsVersion = 7.3.1;
						LastSwiftMigration = 0900;
					};
					79312DBA1E62DC4100E73D97 = {
						CreatedOnToolsVersion = 8.2.1;
						ProvisioningStyle = Automatic;
					};
					793E13A12049671100AAA5CA = {
						CreatedOnToolsVersion = 9.2;
						ProvisioningStyle = Automatic;
					};
				};
			};
			buildConfigurationList = 791D9CBF1D4F33C900C9D7C2 /* Build configuration list for PBXProject "Swiftex" */;
			compatibilityVersion = "Xcode 3.2";
			developmentRegion = English;
			hasScannedForEncodings = 0;
			knownRegions = (
				en,
				Base,
			);
			mainGroup = 791D9CBB1D4F33C900C9D7C2;
			productRefGroup = 791D9CC51D4F33C900C9D7C2 /* Products */;
			projectDirPath = "";
			projectRoot = "";
			targets = (
				791D9CC31D4F33C900C9D7C2 /* Swiftex */,
				79312DBA1E62DC4100E73D97 /* SwiftexOSX */,
				793E13A12049671100AAA5CA /* SwiftexTV */,
			);
		};
/* End PBXProject section */

/* Begin PBXResourcesBuildPhase section */
		791D9CC21D4F33C900C9D7C2 /* Resources */ = {
			isa = PBXResourcesBuildPhase;
			buildActionMask = 2147483647;
			files = (
				791D9CD21D4F33C900C9D7C2 /* LaunchScreen.storyboard in Resources */,
				791D9CCF1D4F33C900C9D7C2 /* Assets.xcassets in Resources */,
				791D9CCD1D4F33C900C9D7C2 /* Main.storyboard in Resources */,
			);
			runOnlyForDeploymentPostprocessing = 0;
		};
		79312DB91E62DC4100E73D97 /* Resources */ = {
			isa = PBXResourcesBuildPhase;
			buildActionMask = 2147483647;
			files = (
				79312DC01E62DC4100E73D97 /* Assets.xcassets in Resources */,
				79312DC31E62DC4100E73D97 /* MainMenu.xib in Resources */,
			);
			runOnlyForDeploymentPostprocessing = 0;
		};
		793E13A02049671100AAA5CA /* Resources */ = {
			isa = PBXResourcesBuildPhase;
			buildActionMask = 2147483647;
			files = (
				793E13AC2049671100AAA5CA /* Assets.xcassets in Resources */,
				793E13AA2049671100AAA5CA /* Main.storyboard in Resources */,
			);
			runOnlyForDeploymentPostprocessing = 0;
		};
/* End PBXResourcesBuildPhase section */

/* Begin PBXSourcesBuildPhase section */
		791D9CC01D4F33C900C9D7C2 /* Sources */ = {
			isa = PBXSourcesBuildPhase;
			buildActionMask = 2147483647;
			files = (
				791D9CEC1D4F342700C9D7C2 /* Date+Extension.swift in Sources */,
				791D9CEB1D4F342700C9D7C2 /* Data+Extension.swift in Sources */,
				791D9CFA1D4F390200C9D7C2 /* CGSize+Extension.swift in Sources */,
				791D9CEF1D4F342700C9D7C2 /* NSNumber+Extension.swift in Sources */,
				79396DE11D673A0500690CFC /* UIViewController+Extension.swift in Sources */,
				79C9D4A81DDB981200F69268 /* UIView+Extensions.swift in Sources */,
				79F5155D1D867AF90079C42E /* UIWindow+Extension.swift in Sources */,
				791D9CF11D4F342700C9D7C2 /* Array+Extension.swift in Sources */,
				791D9CF61D4F342700C9D7C2 /* Functions.swift in Sources */,
				791D9CF41D4F342700C9D7C2 /* String+Extension.swift in Sources */,
				791D9CF01D4F342700C9D7C2 /* NSObject+Extension.swift in Sources */,
				79C9D4A61DDB97EC00F69268 /* UINavigationItem+Extension.swift in Sources */,
				791D9CCA1D4F33C900C9D7C2 /* ViewController.swift in Sources */,
				791D9CF71D4F342700C9D7C2 /* UIColor+Extension.swift in Sources */,
				791D9CED1D4F342700C9D7C2 /* Locale+Extension.swift in Sources */,
				79B15B6D1EF7C37900C68CCB /* UIAlertController+Extension.swift in Sources */,
				791D9CF81D4F342700C9D7C2 /* UIImage+Extension.swift in Sources */,
				791D9CC81D4F33C900C9D7C2 /* AppDelegate.swift in Sources */,
				79C9D4AA1DDB984800F69268 /* UIActivityIndicator+Extensions.swift in Sources */,
				791D9CF31D4F342700C9D7C2 /* Number+Extension.swift in Sources */,
				79396DE31D673DDF00690CFC /* Range+Extension.swift in Sources */,
			);
			runOnlyForDeploymentPostprocessing = 0;
		};
		79312DB71E62DC4100E73D97 /* Sources */ = {
			isa = PBXSourcesBuildPhase;
			buildActionMask = 2147483647;
			files = (
				79312DD61E62DCDA00E73D97 /* UIViewController+Extension.swift in Sources */,
				79312DD31E62DC5F00E73D97 /* Range+Extension.swift in Sources */,
				79312DD81E62DCDA00E73D97 /* UINavigationItem+Extension.swift in Sources */,
				79312DD91E62DCDA00E73D97 /* UIView+Extensions.swift in Sources */,
				79312DBE1E62DC4100E73D97 /* AppDelegate.swift in Sources */,
				79312DD71E62DCDA00E73D97 /* UIWindow+Extension.swift in Sources */,
				79312DD11E62DC5F00E73D97 /* String+Extension.swift in Sources */,
				79312DCA1E62DC5F00E73D97 /* Locale+Extension.swift in Sources */,
				79312DCF1E62DC5F00E73D97 /* Array+Extension.swift in Sources */,
				79312DC81E62DC5F00E73D97 /* Data+Extension.swift in Sources */,
				79312DD41E62DCDA00E73D97 /* UIColor+Extension.swift in Sources */,
				79312DC91E62DC5F00E73D97 /* Date+Extension.swift in Sources */,
				79312DD01E62DC5F00E73D97 /* Number+Extension.swift in Sources */,
				79312DDA1E62DCDA00E73D97 /* UIActivityIndicator+Extensions.swift in Sources */,
				79312DCC1E62DC5F00E73D97 /* NSNumber+Extension.swift in Sources */,
				79312DCE1E62DC5F00E73D97 /* CGSize+Extension.swift in Sources */,
				79312DD51E62DCDA00E73D97 /* UIImage+Extension.swift in Sources */,
				79312DCD1E62DC5F00E73D97 /* NSObject+Extension.swift in Sources */,
				79312DD21E62DC5F00E73D97 /* Functions.swift in Sources */,
			);
			runOnlyForDeploymentPostprocessing = 0;
		};
		793E139E2049671100AAA5CA /* Sources */ = {
			isa = PBXSourcesBuildPhase;
			buildActionMask = 2147483647;
			files = (
				793E13B52049671B00AAA5CA /* UINavigationItem+Extension.swift in Sources */,
				793E13C12049672200AAA5CA /* NSNumber+Extension.swift in Sources */,
				793E13C02049672200AAA5CA /* Locale+Extension.swift in Sources */,
				793E13BE2049672200AAA5CA /* Data+Extension.swift in Sources */,
				793E13B12049671B00AAA5CA /* UIColor+Extension.swift in Sources */,
				793E13A72049671100AAA5CA /* ViewController.swift in Sources */,
				793E13BC2049671F00AAA5CA /* Functions.swift in Sources */,
				793E13B92049671F00AAA5CA /* Array+Extension.swift in Sources */,
				793E13B72049671B00AAA5CA /* UIActivityIndicator+Extensions.swift in Sources */,
				793E13A52049671100AAA5CA /* AppDelegate.swift in Sources */,
				793E13BB2049671F00AAA5CA /* String+Extension.swift in Sources */,
				793E13C32049672200AAA5CA /* CGSize+Extension.swift in Sources */,
				793E13BF2049672200AAA5CA /* Date+Extension.swift in Sources */,
				793E13BD2049671F00AAA5CA /* Range+Extension.swift in Sources */,
				793E13BA2049671F00AAA5CA /* Number+Extension.swift in Sources */,
				793E13B32049671B00AAA5CA /* UIViewController+Extension.swift in Sources */,
				793E13C22049672200AAA5CA /* NSObject+Extension.swift in Sources */,
				793E13B82049671B00AAA5CA /* UIAlertController+Extension.swift in Sources */,
				793E13B22049671B00AAA5CA /* UIImage+Extension.swift in Sources */,
				793E13B62049671B00AAA5CA /* UIView+Extensions.swift in Sources */,
				793E13B42049671B00AAA5CA /* UIWindow+Extension.swift in Sources */,
			);
			runOnlyForDeploymentPostprocessing = 0;
		};
/* End PBXSourcesBuildPhase section */

/* Begin PBXVariantGroup section */
		791D9CCB1D4F33C900C9D7C2 /* Main.storyboard */ = {
			isa = PBXVariantGroup;
			children = (
				791D9CCC1D4F33C900C9D7C2 /* Base */,
			);
			name = Main.storyboard;
			sourceTree = "<group>";
		};
		791D9CD01D4F33C900C9D7C2 /* LaunchScreen.storyboard */ = {
			isa = PBXVariantGroup;
			children = (
				791D9CD11D4F33C900C9D7C2 /* Base */,
			);
			name = LaunchScreen.storyboard;
			sourceTree = "<group>";
		};
		79312DC11E62DC4100E73D97 /* MainMenu.xib */ = {
			isa = PBXVariantGroup;
			children = (
				79312DC21E62DC4100E73D97 /* Base */,
			);
			name = MainMenu.xib;
			sourceTree = "<group>";
		};
		793E13A82049671100AAA5CA /* Main.storyboard */ = {
			isa = PBXVariantGroup;
			children = (
				793E13A92049671100AAA5CA /* Base */,
			);
			name = Main.storyboard;
			sourceTree = "<group>";
		};
/* End PBXVariantGroup section */

/* Begin XCBuildConfiguration section */
		791D9CD41D4F33C900C9D7C2 /* Debug */ = {
			isa = XCBuildConfiguration;
			buildSettings = {
				ALWAYS_SEARCH_USER_PATHS = NO;
				CLANG_ANALYZER_NONNULL = YES;
				CLANG_CXX_LANGUAGE_STANDARD = "gnu++0x";
				CLANG_CXX_LIBRARY = "libc++";
				CLANG_ENABLE_MODULES = YES;
				CLANG_ENABLE_OBJC_ARC = YES;
				CLANG_WARN_BLOCK_CAPTURE_AUTORELEASING = YES;
				CLANG_WARN_BOOL_CONVERSION = YES;
				CLANG_WARN_COMMA = YES;
				CLANG_WARN_CONSTANT_CONVERSION = YES;
				CLANG_WARN_DIRECT_OBJC_ISA_USAGE = YES_ERROR;
				CLANG_WARN_EMPTY_BODY = YES;
				CLANG_WARN_ENUM_CONVERSION = YES;
				CLANG_WARN_INFINITE_RECURSION = YES;
				CLANG_WARN_INT_CONVERSION = YES;
				CLANG_WARN_NON_LITERAL_NULL_CONVERSION = YES;
				CLANG_WARN_OBJC_LITERAL_CONVERSION = YES;
				CLANG_WARN_OBJC_ROOT_CLASS = YES_ERROR;
				CLANG_WARN_RANGE_LOOP_ANALYSIS = YES;
				CLANG_WARN_STRICT_PROTOTYPES = YES;
				CLANG_WARN_SUSPICIOUS_MOVE = YES;
				CLANG_WARN_UNREACHABLE_CODE = YES;
				CLANG_WARN__DUPLICATE_METHOD_MATCH = YES;
				"CODE_SIGN_IDENTITY[sdk=iphoneos*]" = "iPhone Developer";
				COPY_PHASE_STRIP = NO;
				DEBUG_INFORMATION_FORMAT = dwarf;
				ENABLE_STRICT_OBJC_MSGSEND = YES;
				ENABLE_TESTABILITY = YES;
				GCC_C_LANGUAGE_STANDARD = gnu99;
				GCC_DYNAMIC_NO_PIC = NO;
				GCC_NO_COMMON_BLOCKS = YES;
				GCC_OPTIMIZATION_LEVEL = 0;
				GCC_PREPROCESSOR_DEFINITIONS = (
					"DEBUG=1",
					"$(inherited)",
				);
				GCC_WARN_64_TO_32_BIT_CONVERSION = YES;
				GCC_WARN_ABOUT_RETURN_TYPE = YES_ERROR;
				GCC_WARN_UNDECLARED_SELECTOR = YES;
				GCC_WARN_UNINITIALIZED_AUTOS = YES_AGGRESSIVE;
				GCC_WARN_UNUSED_FUNCTION = YES;
				GCC_WARN_UNUSED_VARIABLE = YES;
				IPHONEOS_DEPLOYMENT_TARGET = 9.3;
				MTL_ENABLE_DEBUG_INFO = YES;
				ONLY_ACTIVE_ARCH = YES;
				SDKROOT = iphoneos;
				SWIFT_OPTIMIZATION_LEVEL = "-Onone";
				SWIFT_SWIFT3_OBJC_INFERENCE = Off;
				TARGETED_DEVICE_FAMILY = "1,2";
			};
			name = Debug;
		};
		791D9CD51D4F33C900C9D7C2 /* Release */ = {
			isa = XCBuildConfiguration;
			buildSettings = {
				ALWAYS_SEARCH_USER_PATHS = NO;
				CLANG_ANALYZER_NONNULL = YES;
				CLANG_CXX_LANGUAGE_STANDARD = "gnu++0x";
				CLANG_CXX_LIBRARY = "libc++";
				CLANG_ENABLE_MODULES = YES;
				CLANG_ENABLE_OBJC_ARC = YES;
				CLANG_WARN_BLOCK_CAPTURE_AUTORELEASING = YES;
				CLANG_WARN_BOOL_CONVERSION = YES;
				CLANG_WARN_COMMA = YES;
				CLANG_WARN_CONSTANT_CONVERSION = YES;
				CLANG_WARN_DIRECT_OBJC_ISA_USAGE = YES_ERROR;
				CLANG_WARN_EMPTY_BODY = YES;
				CLANG_WARN_ENUM_CONVERSION = YES;
				CLANG_WARN_INFINITE_RECURSION = YES;
				CLANG_WARN_INT_CONVERSION = YES;
				CLANG_WARN_NON_LITERAL_NULL_CONVERSION = YES;
				CLANG_WARN_OBJC_LITERAL_CONVERSION = YES;
				CLANG_WARN_OBJC_ROOT_CLASS = YES_ERROR;
				CLANG_WARN_RANGE_LOOP_ANALYSIS = YES;
				CLANG_WARN_STRICT_PROTOTYPES = YES;
				CLANG_WARN_SUSPICIOUS_MOVE = YES;
				CLANG_WARN_UNREACHABLE_CODE = YES;
				CLANG_WARN__DUPLICATE_METHOD_MATCH = YES;
				"CODE_SIGN_IDENTITY[sdk=iphoneos*]" = "iPhone Developer";
				COPY_PHASE_STRIP = NO;
				DEBUG_INFORMATION_FORMAT = "dwarf-with-dsym";
				ENABLE_NS_ASSERTIONS = NO;
				ENABLE_STRICT_OBJC_MSGSEND = YES;
				GCC_C_LANGUAGE_STANDARD = gnu99;
				GCC_NO_COMMON_BLOCKS = YES;
				GCC_WARN_64_TO_32_BIT_CONVERSION = YES;
				GCC_WARN_ABOUT_RETURN_TYPE = YES_ERROR;
				GCC_WARN_UNDECLARED_SELECTOR = YES;
				GCC_WARN_UNINITIALIZED_AUTOS = YES_AGGRESSIVE;
				GCC_WARN_UNUSED_FUNCTION = YES;
				GCC_WARN_UNUSED_VARIABLE = YES;
				IPHONEOS_DEPLOYMENT_TARGET = 9.3;
				MTL_ENABLE_DEBUG_INFO = NO;
				SDKROOT = iphoneos;
				SWIFT_OPTIMIZATION_LEVEL = "-Owholemodule";
				SWIFT_SWIFT3_OBJC_INFERENCE = Off;
				TARGETED_DEVICE_FAMILY = "1,2";
				VALIDATE_PRODUCT = YES;
			};
			name = Release;
		};
		791D9CD71D4F33C900C9D7C2 /* Debug */ = {
			isa = XCBuildConfiguration;
			buildSettings = {
				ASSETCATALOG_COMPILER_APPICON_NAME = AppIcon;
				INFOPLIST_FILE = Swiftex/Info.plist;
				IPHONEOS_DEPLOYMENT_TARGET = 9.0;
				LD_RUNPATH_SEARCH_PATHS = "$(inherited) @executable_path/Frameworks";
				PRODUCT_BUNDLE_IDENTIFIER = info.kuzmenko.Swiftex;
				PRODUCT_NAME = "$(TARGET_NAME)";
				SWIFT_SWIFT3_OBJC_INFERENCE = Off;
				SWIFT_VERSION = 4.0;
			};
			name = Debug;
		};
		791D9CD81D4F33C900C9D7C2 /* Release */ = {
			isa = XCBuildConfiguration;
			buildSettings = {
				ASSETCATALOG_COMPILER_APPICON_NAME = AppIcon;
				INFOPLIST_FILE = Swiftex/Info.plist;
				IPHONEOS_DEPLOYMENT_TARGET = 9.0;
				LD_RUNPATH_SEARCH_PATHS = "$(inherited) @executable_path/Frameworks";
				PRODUCT_BUNDLE_IDENTIFIER = info.kuzmenko.Swiftex;
				PRODUCT_NAME = "$(TARGET_NAME)";
				SWIFT_SWIFT3_OBJC_INFERENCE = Off;
				SWIFT_VERSION = 4.0;
			};
			name = Release;
		};
		79312DC51E62DC4100E73D97 /* Debug */ = {
			isa = XCBuildConfiguration;
			buildSettings = {
				ASSETCATALOG_COMPILER_APPICON_NAME = AppIcon;
				CLANG_WARN_DOCUMENTATION_COMMENTS = YES;
				CODE_SIGN_IDENTITY = "-";
				COMBINE_HIDPI_IMAGES = YES;
				INFOPLIST_FILE = SwiftexOSX/Info.plist;
				LD_RUNPATH_SEARCH_PATHS = "$(inherited) @executable_path/../Frameworks";
				MACOSX_DEPLOYMENT_TARGET = 10.10;
				PRODUCT_BUNDLE_IDENTIFIER = info.kuzmenko.SwiftexOSX;
				PRODUCT_NAME = "$(TARGET_NAME)";
				SDKROOT = macosx;
				SWIFT_ACTIVE_COMPILATION_CONDITIONS = DEBUG;
				SWIFT_VERSION = 3.0;
			};
			name = Debug;
		};
		79312DC61E62DC4100E73D97 /* Release */ = {
			isa = XCBuildConfiguration;
			buildSettings = {
				ASSETCATALOG_COMPILER_APPICON_NAME = AppIcon;
				CLANG_WARN_DOCUMENTATION_COMMENTS = YES;
				CODE_SIGN_IDENTITY = "-";
				COMBINE_HIDPI_IMAGES = YES;
				INFOPLIST_FILE = SwiftexOSX/Info.plist;
				LD_RUNPATH_SEARCH_PATHS = "$(inherited) @executable_path/../Frameworks";
				MACOSX_DEPLOYMENT_TARGET = 10.10;
				PRODUCT_BUNDLE_IDENTIFIER = info.kuzmenko.SwiftexOSX;
				PRODUCT_NAME = "$(TARGET_NAME)";
				SDKROOT = macosx;
				SWIFT_VERSION = 3.0;
			};
			name = Release;
		};
		793E13AE2049671100AAA5CA /* Debug */ = {
			isa = XCBuildConfiguration;
			buildSettings = {
				ASSETCATALOG_COMPILER_APPICON_NAME = "App Icon & Top Shelf Image";
				ASSETCATALOG_COMPILER_LAUNCHIMAGE_NAME = LaunchImage;
				CLANG_ANALYZER_NUMBER_OBJECT_CONVERSION = YES_AGGRESSIVE;
				CLANG_CXX_LANGUAGE_STANDARD = "gnu++14";
				CLANG_WARN_DOCUMENTATION_COMMENTS = YES;
				CLANG_WARN_UNGUARDED_AVAILABILITY = YES_AGGRESSIVE;
				CODE_SIGN_STYLE = Automatic;
				GCC_C_LANGUAGE_STANDARD = gnu11;
				INFOPLIST_FILE = SwiftexTV/Info.plist;
				LD_RUNPATH_SEARCH_PATHS = "$(inherited) @executable_path/Frameworks";
				PRODUCT_BUNDLE_IDENTIFIER = info.kuzmenko.SwiftexTV;
				PRODUCT_NAME = "$(TARGET_NAME)";
				SDKROOT = appletvos;
				SWIFT_ACTIVE_COMPILATION_CONDITIONS = DEBUG;
				SWIFT_VERSION = 4.0;
				TARGETED_DEVICE_FAMILY = 3;
				TVOS_DEPLOYMENT_TARGET = 9.0;
			};
			name = Debug;
		};
		793E13AF2049671100AAA5CA /* Release */ = {
			isa = XCBuildConfiguration;
			buildSettings = {
				ASSETCATALOG_COMPILER_APPICON_NAME = "App Icon & Top Shelf Image";
				ASSETCATALOG_COMPILER_LAUNCHIMAGE_NAME = LaunchImage;
				CLANG_ANALYZER_NUMBER_OBJECT_CONVERSION = YES_AGGRESSIVE;
				CLANG_CXX_LANGUAGE_STANDARD = "gnu++14";
				CLANG_WARN_DOCUMENTATION_COMMENTS = YES;
				CLANG_WARN_UNGUARDED_AVAILABILITY = YES_AGGRESSIVE;
				CODE_SIGN_STYLE = Automatic;
				GCC_C_LANGUAGE_STANDARD = gnu11;
				INFOPLIST_FILE = SwiftexTV/Info.plist;
				LD_RUNPATH_SEARCH_PATHS = "$(inherited) @executable_path/Frameworks";
				PRODUCT_BUNDLE_IDENTIFIER = info.kuzmenko.SwiftexTV;
				PRODUCT_NAME = "$(TARGET_NAME)";
				SDKROOT = appletvos;
				SWIFT_VERSION = 4.0;
				TARGETED_DEVICE_FAMILY = 3;
				TVOS_DEPLOYMENT_TARGET = 9.0;
			};
			name = Release;
		};
/* End XCBuildConfiguration section */

/* Begin XCConfigurationList section */
		791D9CBF1D4F33C900C9D7C2 /* Build configuration list for PBXProject "Swiftex" */ = {
			isa = XCConfigurationList;
			buildConfigurations = (
				791D9CD41D4F33C900C9D7C2 /* Debug */,
				791D9CD51D4F33C900C9D7C2 /* Release */,
			);
			defaultConfigurationIsVisible = 0;
			defaultConfigurationName = Release;
		};
		791D9CD61D4F33C900C9D7C2 /* Build configuration list for PBXNativeTarget "Swiftex" */ = {
			isa = XCConfigurationList;
			buildConfigurations = (
				791D9CD71D4F33C900C9D7C2 /* Debug */,
				791D9CD81D4F33C900C9D7C2 /* Release */,
			);
			defaultConfigurationIsVisible = 0;
			defaultConfigurationName = Release;
		};
		79312DC71E62DC4100E73D97 /* Build configuration list for PBXNativeTarget "SwiftexOSX" */ = {
			isa = XCConfigurationList;
			buildConfigurations = (
				79312DC51E62DC4100E73D97 /* Debug */,
				79312DC61E62DC4100E73D97 /* Release */,
			);
			defaultConfigurationIsVisible = 0;
			defaultConfigurationName = Release;
		};
		793E13B02049671100AAA5CA /* Build configuration list for PBXNativeTarget "SwiftexTV" */ = {
			isa = XCConfigurationList;
			buildConfigurations = (
				793E13AE2049671100AAA5CA /* Debug */,
				793E13AF2049671100AAA5CA /* Release */,
			);
			defaultConfigurationIsVisible = 0;
			defaultConfigurationName = Release;
		};
/* End XCConfigurationList section */
	};
	rootObject = 791D9CBC1D4F33C900C9D7C2 /* Project object */;
}
