// !$*UTF8*$!
{
	archiveVersion = 1;
	classes = {
	};
	objectVersion = 46;
	objects = {

/* Begin PBXBuildFile section */
		791D9CC81D4F33C900C9D7C2 /* AppDelegate.swift in Sources */ = {isa = PBXBuildFile; fileRef = 791D9CC71D4F33C900C9D7C2 /* AppDelegate.swift */; };
		791D9CCA1D4F33C900C9D7C2 /* ViewController.swift in Sources */ = {isa = PBXBuildFile; fileRef = 791D9CC91D4F33C900C9D7C2 /* ViewController.swift */; };
		791D9CCD1D4F33C900C9D7C2 /* Main.storyboard in Resources */ = {isa = PBXBuildFile; fileRef = 791D9CCB1D4F33C900C9D7C2 /* Main.storyboard */; };
		791D9CCF1D4F33C900C9D7C2 /* Assets.xcassets in Resources */ = {isa = PBXBuildFile; fileRef = 791D9CCE1D4F33C900C9D7C2 /* Assets.xcassets */; };
		791D9CD21D4F33C900C9D7C2 /* LaunchScreen.storyboard in Resources */ = {isa = PBXBuildFile; fileRef = 791D9CD01D4F33C900C9D7C2 /* LaunchScreen.storyboard */; };
		791D9CEB1D4F342700C9D7C2 /* Data+Extension.swift in Sources */ = {isa = PBXBuildFile; fileRef = 791D9CDB1D4F342600C9D7C2 /* Data+Extension.swift */; };
		791D9CEC1D4F342700C9D7C2 /* Date+Extension.swift in Sources */ = {isa = PBXBuildFile; fileRef = 791D9CDC1D4F342600C9D7C2 /* Date+Extension.swift */; };
		791D9CED1D4F342700C9D7C2 /* Locale+Extension.swift in Sources */ = {isa = PBXBuildFile; fileRef = 791D9CDD1D4F342600C9D7C2 /* Locale+Extension.swift */; };
		791D9CEE1D4F342700C9D7C2 /* NotificationCenter+Extension.swift in Sources */ = {isa = PBXBuildFile; fileRef = 791D9CDE1D4F342600C9D7C2 /* NotificationCenter+Extension.swift */; };
		791D9CEF1D4F342700C9D7C2 /* NSNumber+Extension.swift in Sources */ = {isa = PBXBuildFile; fileRef = 791D9CDF1D4F342600C9D7C2 /* NSNumber+Extension.swift */; };
		791D9CF01D4F342700C9D7C2 /* NSObject+Extension.swift in Sources */ = {isa = PBXBuildFile; fileRef = 791D9CE01D4F342600C9D7C2 /* NSObject+Extension.swift */; };
		791D9CF11D4F342700C9D7C2 /* Array+Extension.swift in Sources */ = {isa = PBXBuildFile; fileRef = 791D9CE21D4F342600C9D7C2 /* Array+Extension.swift */; };
		791D9CF31D4F342700C9D7C2 /* Number+Extension.swift in Sources */ = {isa = PBXBuildFile; fileRef = 791D9CE41D4F342700C9D7C2 /* Number+Extension.swift */; };
		791D9CF41D4F342700C9D7C2 /* String+Extension.swift in Sources */ = {isa = PBXBuildFile; fileRef = 791D9CE51D4F342700C9D7C2 /* String+Extension.swift */; };
		791D9CF61D4F342700C9D7C2 /* Functions.swift in Sources */ = {isa = PBXBuildFile; fileRef = 791D9CE71D4F342700C9D7C2 /* Functions.swift */; };
		791D9CF71D4F342700C9D7C2 /* UIColor+Extension.swift in Sources */ = {isa = PBXBuildFile; fileRef = 791D9CE91D4F342700C9D7C2 /* UIColor+Extension.swift */; };
		791D9CF81D4F342700C9D7C2 /* UIImage+Extension.swift in Sources */ = {isa = PBXBuildFile; fileRef = 791D9CEA1D4F342700C9D7C2 /* UIImage+Extension.swift */; };
		791D9CFA1D4F390200C9D7C2 /* CGSize+Extension.swift in Sources */ = {isa = PBXBuildFile; fileRef = 791D9CF91D4F390200C9D7C2 /* CGSize+Extension.swift */; };
		79396DE11D673A0500690CFC /* UIViewController+Extension.swift in Sources */ = {isa = PBXBuildFile; fileRef = 79396DE01D673A0500690CFC /* UIViewController+Extension.swift */; };
		79396DE31D673DDF00690CFC /* Range+Extension.swift in Sources */ = {isa = PBXBuildFile; fileRef = 79396DE21D673DDF00690CFC /* Range+Extension.swift */; };
		79F5155D1D867AF90079C42E /* UIWindow+Extension.swift in Sources */ = {isa = PBXBuildFile; fileRef = 79F5155C1D867AF90079C42E /* UIWindow+Extension.swift */; };
/* End PBXBuildFile section */

/* Begin PBXFileReference section */
		790980B21D9B9B50003E3D3D /* Swiftex.podspec */ = {isa = PBXFileReference; lastKnownFileType = text; name = Swiftex.podspec; path = ../../Swiftex.podspec; sourceTree = "<group>"; };
		791D9CC41D4F33C900C9D7C2 /* Swiftex.app */ = {isa = PBXFileReference; explicitFileType = wrapper.application; includeInIndex = 0; path = Swiftex.app; sourceTree = BUILT_PRODUCTS_DIR; };
		791D9CC71D4F33C900C9D7C2 /* AppDelegate.swift */ = {isa = PBXFileReference; lastKnownFileType = sourcecode.swift; path = AppDelegate.swift; sourceTree = "<group>"; };
		791D9CC91D4F33C900C9D7C2 /* ViewController.swift */ = {isa = PBXFileReference; lastKnownFileType = sourcecode.swift; path = ViewController.swift; sourceTree = "<group>"; };
		791D9CCC1D4F33C900C9D7C2 /* Base */ = {isa = PBXFileReference; lastKnownFileType = file.storyboard; name = Base; path = Base.lproj/Main.storyboard; sourceTree = "<group>"; };
		791D9CCE1D4F33C900C9D7C2 /* Assets.xcassets */ = {isa = PBXFileReference; lastKnownFileType = folder.assetcatalog; path = Assets.xcassets; sourceTree = "<group>"; };
		791D9CD11D4F33C900C9D7C2 /* Base */ = {isa = PBXFileReference; lastKnownFileType = file.storyboard; name = Base; path = Base.lproj/LaunchScreen.storyboard; sourceTree = "<group>"; };
		791D9CD31D4F33C900C9D7C2 /* Info.plist */ = {isa = PBXFileReference; lastKnownFileType = text.plist.xml; path = Info.plist; sourceTree = "<group>"; };
		791D9CDB1D4F342600C9D7C2 /* Data+Extension.swift */ = {isa = PBXFileReference; fileEncoding = 4; lastKnownFileType = sourcecode.swift; path = "Data+Extension.swift"; sourceTree = "<group>"; };
		791D9CDC1D4F342600C9D7C2 /* Date+Extension.swift */ = {isa = PBXFileReference; fileEncoding = 4; lastKnownFileType = sourcecode.swift; path = "Date+Extension.swift"; sourceTree = "<group>"; };
		791D9CDD1D4F342600C9D7C2 /* Locale+Extension.swift */ = {isa = PBXFileReference; fileEncoding = 4; lastKnownFileType = sourcecode.swift; path = "Locale+Extension.swift"; sourceTree = "<group>"; };
		791D9CDE1D4F342600C9D7C2 /* NotificationCenter+Extension.swift */ = {isa = PBXFileReference; fileEncoding = 4; lastKnownFileType = sourcecode.swift; path = "NotificationCenter+Extension.swift"; sourceTree = "<group>"; };
		791D9CDF1D4F342600C9D7C2 /* NSNumber+Extension.swift */ = {isa = PBXFileReference; fileEncoding = 4; lastKnownFileType = sourcecode.swift; path = "NSNumber+Extension.swift"; sourceTree = "<group>"; };
		791D9CE01D4F342600C9D7C2 /* NSObject+Extension.swift */ = {isa = PBXFileReference; fileEncoding = 4; lastKnownFileType = sourcecode.swift; path = "NSObject+Extension.swift"; sourceTree = "<group>"; };
		791D9CE21D4F342600C9D7C2 /* Array+Extension.swift */ = {isa = PBXFileReference; fileEncoding = 4; lastKnownFileType = sourcecode.swift; path = "Array+Extension.swift"; sourceTree = "<group>"; };
		791D9CE41D4F342700C9D7C2 /* Number+Extension.swift */ = {isa = PBXFileReference; fileEncoding = 4; lastKnownFileType = sourcecode.swift; path = "Number+Extension.swift"; sourceTree = "<group>"; };
		791D9CE51D4F342700C9D7C2 /* String+Extension.swift */ = {isa = PBXFileReference; fileEncoding = 4; lastKnownFileType = sourcecode.swift; path = "String+Extension.swift"; sourceTree = "<group>"; };
		791D9CE71D4F342700C9D7C2 /* Functions.swift */ = {isa = PBXFileReference; fileEncoding = 4; lastKnownFileType = sourcecode.swift; path = Functions.swift; sourceTree = "<group>"; };
		791D9CE91D4F342700C9D7C2 /* UIColor+Extension.swift */ = {isa = PBXFileReference; fileEncoding = 4; lastKnownFileType = sourcecode.swift; path = "UIColor+Extension.swift"; sourceTree = "<group>"; };
		791D9CEA1D4F342700C9D7C2 /* UIImage+Extension.swift */ = {isa = PBXFileReference; fileEncoding = 4; lastKnownFileType = sourcecode.swift; path = "UIImage+Extension.swift"; sourceTree = "<group>"; };
		791D9CF91D4F390200C9D7C2 /* CGSize+Extension.swift */ = {isa = PBXFileReference; fileEncoding = 4; lastKnownFileType = sourcecode.swift; path = "CGSize+Extension.swift"; sourceTree = "<group>"; };
		79396DE01D673A0500690CFC /* UIViewController+Extension.swift */ = {isa = PBXFileReference; fileEncoding = 4; lastKnownFileType = sourcecode.swift; path = "UIViewController+Extension.swift"; sourceTree = "<group>"; };
		79396DE21D673DDF00690CFC /* Range+Extension.swift */ = {isa = PBXFileReference; fileEncoding = 4; lastKnownFileType = sourcecode.swift; path = "Range+Extension.swift"; sourceTree = "<group>"; };
		79C72A711DAA2CAB006CA5F7 /* Swiftex.podspec */ = {isa = PBXFileReference; lastKnownFileType = text; name = Swiftex.podspec; path = ../../Swiftex.podspec; sourceTree = "<group>"; };
		79F5155C1D867AF90079C42E /* UIWindow+Extension.swift */ = {isa = PBXFileReference; fileEncoding = 4; lastKnownFileType = sourcecode.swift; path = "UIWindow+Extension.swift"; sourceTree = "<group>"; };
/* End PBXFileReference section */

/* Begin PBXFrameworksBuildPhase section */
		791D9CC11D4F33C900C9D7C2 /* Frameworks */ = {
			isa = PBXFrameworksBuildPhase;
			buildActionMask = 2147483647;
			files = (
			);
			runOnlyForDeploymentPostprocessing = 0;
		};
/* End PBXFrameworksBuildPhase section */

/* Begin PBXGroup section */
		791D9CBB1D4F33C900C9D7C2 = {
			isa = PBXGroup;
			children = (
				790980B21D9B9B50003E3D3D /* Swiftex.podspec */,
				791D9CC61D4F33C900C9D7C2 /* Swiftex */,
				79C72A711DAA2CAB006CA5F7 /* Swiftex.podspec */,
				791D9CD91D4F342600C9D7C2 /* Extensions */,
				791D9CC51D4F33C900C9D7C2 /* Products */,
			);
			sourceTree = "<group>";
		};
		791D9CC51D4F33C900C9D7C2 /* Products */ = {
			isa = PBXGroup;
			children = (
				791D9CC41D4F33C900C9D7C2 /* Swiftex.app */,
			);
			name = Products;
			sourceTree = "<group>";
		};
		791D9CC61D4F33C900C9D7C2 /* Swiftex */ = {
			isa = PBXGroup;
			children = (
				791D9CC71D4F33C900C9D7C2 /* AppDelegate.swift */,
				791D9CC91D4F33C900C9D7C2 /* ViewController.swift */,
				791D9CCB1D4F33C900C9D7C2 /* Main.storyboard */,
				791D9CCE1D4F33C900C9D7C2 /* Assets.xcassets */,
				791D9CD01D4F33C900C9D7C2 /* LaunchScreen.storyboard */,
				791D9CD31D4F33C900C9D7C2 /* Info.plist */,
			);
			path = Swiftex;
			sourceTree = "<group>";
		};
		791D9CD91D4F342600C9D7C2 /* Extensions */ = {
			isa = PBXGroup;
			children = (
				791D9CDA1D4F342600C9D7C2 /* Foundation */,
				791D9CE11D4F342600C9D7C2 /* Swift */,
				791D9CE81D4F342700C9D7C2 /* UIKit */,
			);
			name = Extensions;
			path = ../../Extensions;
			sourceTree = "<group>";
		};
		791D9CDA1D4F342600C9D7C2 /* Foundation */ = {
			isa = PBXGroup;
			children = (
				791D9CDB1D4F342600C9D7C2 /* Data+Extension.swift */,
				791D9CDC1D4F342600C9D7C2 /* Date+Extension.swift */,
				791D9CDD1D4F342600C9D7C2 /* Locale+Extension.swift */,
				791D9CDE1D4F342600C9D7C2 /* NotificationCenter+Extension.swift */,
				791D9CDF1D4F342600C9D7C2 /* NSNumber+Extension.swift */,
				791D9CE01D4F342600C9D7C2 /* NSObject+Extension.swift */,
				791D9CF91D4F390200C9D7C2 /* CGSize+Extension.swift */,
			);
			path = Foundation;
			sourceTree = "<group>";
		};
		791D9CE11D4F342600C9D7C2 /* Swift */ = {
			isa = PBXGroup;
			children = (
				791D9CE21D4F342600C9D7C2 /* Array+Extension.swift */,
				791D9CE41D4F342700C9D7C2 /* Number+Extension.swift */,
				791D9CE51D4F342700C9D7C2 /* String+Extension.swift */,
				791D9CE71D4F342700C9D7C2 /* Functions.swift */,
				79396DE21D673DDF00690CFC /* Range+Extension.swift */,
			);
			path = Swift;
			sourceTree = "<group>";
		};
		791D9CE81D4F342700C9D7C2 /* UIKit */ = {
			isa = PBXGroup;
			children = (
				791D9CE91D4F342700C9D7C2 /* UIColor+Extension.swift */,
				791D9CEA1D4F342700C9D7C2 /* UIImage+Extension.swift */,
				79396DE01D673A0500690CFC /* UIViewController+Extension.swift */,
				79F5155C1D867AF90079C42E /* UIWindow+Extension.swift */,
			);
			path = UIKit;
			sourceTree = "<group>";
		};
/* End PBXGroup section */

/* Begin PBXNativeTarget section */
		791D9CC31D4F33C900C9D7C2 /* Swiftex */ = {
			isa = PBXNativeTarget;
			buildConfigurationList = 791D9CD61D4F33C900C9D7C2 /* Build configuration list for PBXNativeTarget "Swiftex" */;
			buildPhases = (
				791D9CC01D4F33C900C9D7C2 /* Sources */,
				791D9CC11D4F33C900C9D7C2 /* Frameworks */,
				791D9CC21D4F33C900C9D7C2 /* Resources */,
			);
			buildRules = (
			);
			dependencies = (
			);
			name = Swiftex;
			productName = Swiftex;
			productReference = 791D9CC41D4F33C900C9D7C2 /* Swiftex.app */;
			productType = "com.apple.product-type.application";
		};
/* End PBXNativeTarget section */

/* Begin PBXProject section */
		791D9CBC1D4F33C900C9D7C2 /* Project object */ = {
			isa = PBXProject;
			attributes = {
				LastSwiftUpdateCheck = 0730;
				LastUpgradeCheck = 0800;
				ORGANIZATIONNAME = KuzmenkoFamily;
				TargetAttributes = {
					791D9CC31D4F33C900C9D7C2 = {
						CreatedOnToolsVersion = 7.3.1;
						LastSwiftMigration = 0800;
					};
				};
			};
			buildConfigurationList = 791D9CBF1D4F33C900C9D7C2 /* Build configuration list for PBXProject "Swiftex" */;
			compatibilityVersion = "Xcode 3.2";
			developmentRegion = English;
			hasScannedForEncodings = 0;
			knownRegions = (
				en,
				Base,
			);
			mainGroup = 791D9CBB1D4F33C900C9D7C2;
			productRefGroup = 791D9CC51D4F33C900C9D7C2 /* Products */;
			projectDirPath = "";
			projectRoot = "";
			targets = (
				791D9CC31D4F33C900C9D7C2 /* Swiftex */,
			);
		};
/* End PBXProject section */

/* Begin PBXResourcesBuildPhase section */
		791D9CC21D4F33C900C9D7C2 /* Resources */ = {
			isa = PBXResourcesBuildPhase;
			buildActionMask = 2147483647;
			files = (
				791D9CD21D4F33C900C9D7C2 /* LaunchScreen.storyboard in Resources */,
				791D9CCF1D4F33C900C9D7C2 /* Assets.xcassets in Resources */,
				791D9CCD1D4F33C900C9D7C2 /* Main.storyboard in Resources */,
			);
			runOnlyForDeploymentPostprocessing = 0;
		};
/* End PBXResourcesBuildPhase section */

/* Begin PBXSourcesBuildPhase section */
		791D9CC01D4F33C900C9D7C2 /* Sources */ = {
			isa = PBXSourcesBuildPhase;
			buildActionMask = 2147483647;
			files = (
				791D9CEC1D4F342700C9D7C2 /* Date+Extension.swift in Sources */,
				791D9CEB1D4F342700C9D7C2 /* Data+Extension.swift in Sources */,
				791D9CFA1D4F390200C9D7C2 /* CGSize+Extension.swift in Sources */,
				791D9CEF1D4F342700C9D7C2 /* NSNumber+Extension.swift in Sources */,
				79396DE11D673A0500690CFC /* UIViewController+Extension.swift in Sources */,
				79F5155D1D867AF90079C42E /* UIWindow+Extension.swift in Sources */,
				791D9CF11D4F342700C9D7C2 /* Array+Extension.swift in Sources */,
				791D9CF61D4F342700C9D7C2 /* Functions.swift in Sources */,
				791D9CF41D4F342700C9D7C2 /* String+Extension.swift in Sources */,
				791D9CF01D4F342700C9D7C2 /* NSObject+Extension.swift in Sources */,
				791D9CCA1D4F33C900C9D7C2 /* ViewController.swift in Sources */,
				791D9CF71D4F342700C9D7C2 /* UIColor+Extension.swift in Sources */,
				791D9CED1D4F342700C9D7C2 /* Locale+Extension.swift in Sources */,
				791D9CF81D4F342700C9D7C2 /* UIImage+Extension.swift in Sources */,
				791D9CEE1D4F342700C9D7C2 /* NotificationCenter+Extension.swift in Sources */,
				791D9CC81D4F33C900C9D7C2 /* AppDelegate.swift in Sources */,
				791D9CF31D4F342700C9D7C2 /* Number+Extension.swift in Sources */,
				79396DE31D673DDF00690CFC /* Range+Extension.swift in Sources */,
			);
			runOnlyForDeploymentPostprocessing = 0;
		};
/* End PBXSourcesBuildPhase section */

/* Begin PBXVariantGroup section */
		791D9CCB1D4F33C900C9D7C2 /* Main.storyboard */ = {
			isa = PBXVariantGroup;
			children = (
				791D9CCC1D4F33C900C9D7C2 /* Base */,
			);
			name = Main.storyboard;
			sourceTree = "<group>";
		};
		791D9CD01D4F33C900C9D7C2 /* LaunchScreen.storyboard */ = {
			isa = PBXVariantGroup;
			children = (
				791D9CD11D4F33C900C9D7C2 /* Base */,
			);
			name = LaunchScreen.storyboard;
			sourceTree = "<group>";
		};
/* End PBXVariantGroup section */

/* Begin XCBuildConfiguration section */
		791D9CD41D4F33C900C9D7C2 /* Debug */ = {
			isa = XCBuildConfiguration;
			buildSettings = {
				ALWAYS_SEARCH_USER_PATHS = NO;
				CLANG_ANALYZER_NONNULL = YES;
				CLANG_CXX_LANGUAGE_STANDARD = "gnu++0x";
				CLANG_CXX_LIBRARY = "libc++";
				CLANG_ENABLE_MODULES = YES;
				CLANG_ENABLE_OBJC_ARC = YES;
				CLANG_WARN_BOOL_CONVERSION = YES;
				CLANG_WARN_CONSTANT_CONVERSION = YES;
				CLANG_WARN_DIRECT_OBJC_ISA_USAGE = YES_ERROR;
				CLANG_WARN_EMPTY_BODY = YES;
				CLANG_WARN_ENUM_CONVERSION = YES;
				CLANG_WARN_INFINITE_RECURSION = YES;
				CLANG_WARN_INT_CONVERSION = YES;
				CLANG_WARN_OBJC_ROOT_CLASS = YES_ERROR;
				CLANG_WARN_SUSPICIOUS_MOVE = YES;
				CLANG_WARN_UNREACHABLE_CODE = YES;
				CLANG_WARN__DUPLICATE_METHOD_MATCH = YES;
				"CODE_SIGN_IDENTITY[sdk=iphoneos*]" = "iPhone Developer";
				COPY_PHASE_STRIP = NO;
				DEBUG_INFORMATION_FORMAT = dwarf;
				ENABLE_STRICT_OBJC_MSGSEND = YES;
				ENABLE_TESTABILITY = YES;
				GCC_C_LANGUAGE_STANDARD = gnu99;
				GCC_DYNAMIC_NO_PIC = NO;
				GCC_NO_COMMON_BLOCKS = YES;
				GCC_OPTIMIZATION_LEVEL = 0;
				GCC_PREPROCESSOR_DEFINITIONS = (
					"DEBUG=1",
					"$(inherited)",
				);
				GCC_WARN_64_TO_32_BIT_CONVERSION = YES;
				GCC_WARN_ABOUT_RETURN_TYPE = YES_ERROR;
				GCC_WARN_UNDECLARED_SELECTOR = YES;
				GCC_WARN_UNINITIALIZED_AUTOS = YES_AGGRESSIVE;
				GCC_WARN_UNUSED_FUNCTION = YES;
				GCC_WARN_UNUSED_VARIABLE = YES;
				IPHONEOS_DEPLOYMENT_TARGET = 9.3;
				MTL_ENABLE_DEBUG_INFO = YES;
				ONLY_ACTIVE_ARCH = YES;
				SDKROOT = iphoneos;
				SWIFT_OPTIMIZATION_LEVEL = "-Onone";
				TARGETED_DEVICE_FAMILY = "1,2";
			};
			name = Debug;
		};
		791D9CD51D4F33C900C9D7C2 /* Release */ = {
			isa = XCBuildConfiguration;
			buildSettings = {
				ALWAYS_SEARCH_USER_PATHS = NO;
				CLANG_ANALYZER_NONNULL = YES;
				CLANG_CXX_LANGUAGE_STANDARD = "gnu++0x";
				CLANG_CXX_LIBRARY = "libc++";
				CLANG_ENABLE_MODULES = YES;
				CLANG_ENABLE_OBJC_ARC = YES;
				CLANG_WARN_BOOL_CONVERSION = YES;
				CLANG_WARN_CONSTANT_CONVERSION = YES;
				CLANG_WARN_DIRECT_OBJC_ISA_USAGE = YES_ERROR;
				CLANG_WARN_EMPTY_BODY = YES;
				CLANG_WARN_ENUM_CONVERSION = YES;
				CLANG_WARN_INFINITE_RECURSION = YES;
				CLANG_WARN_INT_CONVERSION = YES;
				CLANG_WARN_OBJC_ROOT_CLASS = YES_ERROR;
				CLANG_WARN_SUSPICIOUS_MOVE = YES;
				CLANG_WARN_UNREACHABLE_CODE = YES;
				CLANG_WARN__DUPLICATE_METHOD_MATCH = YES;
				"CODE_SIGN_IDENTITY[sdk=iphoneos*]" = "iPhone Developer";
				COPY_PHASE_STRIP = NO;
				DEBUG_INFORMATION_FORMAT = "dwarf-with-dsym";
				ENABLE_NS_ASSERTIONS = NO;
				ENABLE_STRICT_OBJC_MSGSEND = YES;
				GCC_C_LANGUAGE_STANDARD = gnu99;
				GCC_NO_COMMON_BLOCKS = YES;
				GCC_WARN_64_TO_32_BIT_CONVERSION = YES;
				GCC_WARN_ABOUT_RETURN_TYPE = YES_ERROR;
				GCC_WARN_UNDECLARED_SELECTOR = YES;
				GCC_WARN_UNINITIALIZED_AUTOS = YES_AGGRESSIVE;
				GCC_WARN_UNUSED_FUNCTION = YES;
				GCC_WARN_UNUSED_VARIABLE = YES;
				IPHONEOS_DEPLOYMENT_TARGET = 9.3;
				MTL_ENABLE_DEBUG_INFO = NO;
				SDKROOT = iphoneos;
				SWIFT_OPTIMIZATION_LEVEL = "-Owholemodule";
				TARGETED_DEVICE_FAMILY = "1,2";
				VALIDATE_PRODUCT = YES;
			};
			name = Release;
		};
		791D9CD71D4F33C900C9D7C2 /* Debug */ = {
			isa = XCBuildConfiguration;
			buildSettings = {
				ASSETCATALOG_COMPILER_APPICON_NAME = AppIcon;
				INFOPLIST_FILE = Swiftex/Info.plist;
				LD_RUNPATH_SEARCH_PATHS = "$(inherited) @executable_path/Frameworks";
				PRODUCT_BUNDLE_IDENTIFIER = info.kuzmenko.Swiftex;
				PRODUCT_NAME = "$(TARGET_NAME)";
				SWIFT_VERSION = 3.0;
			};
			name = Debug;
		};
		791D9CD81D4F33C900C9D7C2 /* Release */ = {
			isa = XCBuildConfiguration;
			buildSettings = {
				ASSETCATALOG_COMPILER_APPICON_NAME = AppIcon;
				INFOPLIST_FILE = Swiftex/Info.plist;
				LD_RUNPATH_SEARCH_PATHS = "$(inherited) @executable_path/Frameworks";
				PRODUCT_BUNDLE_IDENTIFIER = info.kuzmenko.Swiftex;
				PRODUCT_NAME = "$(TARGET_NAME)";
				SWIFT_VERSION = 3.0;
			};
			name = Release;
		};
/* End XCBuildConfiguration section */

/* Begin XCConfigurationList section */
		791D9CBF1D4F33C900C9D7C2 /* Build configuration list for PBXProject "Swiftex" */ = {
			isa = XCConfigurationList;
			buildConfigurations = (
				791D9CD41D4F33C900C9D7C2 /* Debug */,
				791D9CD51D4F33C900C9D7C2 /* Release */,
			);
			defaultConfigurationIsVisible = 0;
			defaultConfigurationName = Release;
		};
		791D9CD61D4F33C900C9D7C2 /* Build configuration list for PBXNativeTarget "Swiftex" */ = {
			isa = XCConfigurationList;
			buildConfigurations = (
				791D9CD71D4F33C900C9D7C2 /* Debug */,
				791D9CD81D4F33C900C9D7C2 /* Release */,
			);
			defaultConfigurationIsVisible = 0;
			defaultConfigurationName = Release;
		};
/* End XCConfigurationList section */
	};
	rootObject = 791D9CBC1D4F33C900C9D7C2 /* Project object */;
}
